// !$*UTF8*$!
{
	archiveVersion = 1;
	classes = {
	};
	objectVersion = 50;
	objects = {

/* Begin PBXBuildFile section */
		9E6EDA0B25F0C27D00D5D74C /* ContentView.swift in Sources */ = {isa = PBXBuildFile; fileRef = 9E6EDA0325F0C10A00D5D74C /* ContentView.swift */; };
		9E6EDA0D25F0C28400D5D74C /* FeedbackArea.swift in Sources */ = {isa = PBXBuildFile; fileRef = 9E6EDA0625F0C10A00D5D74C /* FeedbackArea.swift */; };
		9E6EDA0F25F0C28500D5D74C /* GameCircle.swift in Sources */ = {isa = PBXBuildFile; fileRef = 9E6EDA0725F0C10A00D5D74C /* GameCircle.swift */; };
		9E6EDA1125F0C28700D5D74C /* GuessArea.swift in Sources */ = {isa = PBXBuildFile; fileRef = 9E6EDA0425F0C10A00D5D74C /* GuessArea.swift */; };
		9E6EDA1325F0C28800D5D74C /* PaletteArea.swift in Sources */ = {isa = PBXBuildFile; fileRef = 9E6EDA0525F0C10A00D5D74C /* PaletteArea.swift */; };
		9E85F3D525EFF516009D5DA8 /* MastermindApp.swift in Sources */ = {isa = PBXBuildFile; fileRef = 9E85F3D425EFF516009D5DA8 /* MastermindApp.swift */; };
		9E85F3D925EFF516009D5DA8 /* Assets.xcassets in Resources */ = {isa = PBXBuildFile; fileRef = 9E85F3D825EFF516009D5DA8 /* Assets.xcassets */; };
		9E85F3DC25EFF516009D5DA8 /* Preview Assets.xcassets in Resources */ = {isa = PBXBuildFile; fileRef = 9E85F3DB25EFF516009D5DA8 /* Preview Assets.xcassets */; };
		9E85F3E625EFF565009D5DA8 /* MastermindModel.swift in Sources */ = {isa = PBXBuildFile; fileRef = 9E85F3E525EFF565009D5DA8 /* MastermindModel.swift */; };
		9E85F3E925EFF579009D5DA8 /* ViewModel.swift in Sources */ = {isa = PBXBuildFile; fileRef = 9E85F3E825EFF579009D5DA8 /* ViewModel.swift */; };
/* End PBXBuildFile section */

/* Begin PBXFileReference section */
		9E6EDA0325F0C10A00D5D74C /* ContentView.swift */ = {isa = PBXFileReference; lastKnownFileType = sourcecode.swift; path = ContentView.swift; sourceTree = "<group>"; };
		9E6EDA0425F0C10A00D5D74C /* GuessArea.swift */ = {isa = PBXFileReference; lastKnownFileType = sourcecode.swift; path = GuessArea.swift; sourceTree = "<group>"; };
		9E6EDA0525F0C10A00D5D74C /* PaletteArea.swift */ = {isa = PBXFileReference; lastKnownFileType = sourcecode.swift; path = PaletteArea.swift; sourceTree = "<group>"; };
		9E6EDA0625F0C10A00D5D74C /* FeedbackArea.swift */ = {isa = PBXFileReference; lastKnownFileType = sourcecode.swift; path = FeedbackArea.swift; sourceTree = "<group>"; };
		9E6EDA0725F0C10A00D5D74C /* GameCircle.swift */ = {isa = PBXFileReference; lastKnownFileType = sourcecode.swift; path = GameCircle.swift; sourceTree = "<group>"; };
		9E85F3D125EFF516009D5DA8 /* Mastermind.app */ = {isa = PBXFileReference; explicitFileType = wrapper.application; includeInIndex = 0; path = Mastermind.app; sourceTree = BUILT_PRODUCTS_DIR; };
		9E85F3D425EFF516009D5DA8 /* MastermindApp.swift */ = {isa = PBXFileReference; lastKnownFileType = sourcecode.swift; path = MastermindApp.swift; sourceTree = "<group>"; };
		9E85F3D825EFF516009D5DA8 /* Assets.xcassets */ = {isa = PBXFileReference; lastKnownFileType = folder.assetcatalog; path = Assets.xcassets; sourceTree = "<group>"; };
		9E85F3DB25EFF516009D5DA8 /* Preview Assets.xcassets */ = {isa = PBXFileReference; lastKnownFileType = folder.assetcatalog; path = "Preview Assets.xcassets"; sourceTree = "<group>"; };
		9E85F3DD25EFF516009D5DA8 /* Info.plist */ = {isa = PBXFileReference; lastKnownFileType = text.plist.xml; path = Info.plist; sourceTree = "<group>"; };
		9E85F3E525EFF565009D5DA8 /* MastermindModel.swift */ = {isa = PBXFileReference; lastKnownFileType = sourcecode.swift; path = MastermindModel.swift; sourceTree = "<group>"; };
		9E85F3E825EFF579009D5DA8 /* ViewModel.swift */ = {isa = PBXFileReference; lastKnownFileType = sourcecode.swift; path = ViewModel.swift; sourceTree = "<group>"; };
/* End PBXFileReference section */

/* Begin PBXFrameworksBuildPhase section */
		9E85F3CE25EFF516009D5DA8 /* Frameworks */ = {
			isa = PBXFrameworksBuildPhase;
			buildActionMask = 2147483647;
			files = (
			);
			runOnlyForDeploymentPostprocessing = 0;
		};
/* End PBXFrameworksBuildPhase section */

/* Begin PBXGroup section */
		9E85F3C825EFF515009D5DA8 = {
			isa = PBXGroup;
			children = (
				9E85F3D325EFF516009D5DA8 /* Mastermind */,
				9E85F3D225EFF516009D5DA8 /* Products */,
			);
			sourceTree = "<group>";
		};
		9E85F3D225EFF516009D5DA8 /* Products */ = {
			isa = PBXGroup;
			children = (
				9E85F3D125EFF516009D5DA8 /* Mastermind.app */,
			);
			name = Products;
			sourceTree = "<group>";
		};
		9E85F3D325EFF516009D5DA8 /* Mastermind */ = {
			isa = PBXGroup;
			children = (
				9E6EDA0525F0C10A00D5D74C /* PaletteArea.swift */,
				9E6EDA0425F0C10A00D5D74C /* GuessArea.swift */,
				9E6EDA0725F0C10A00D5D74C /* GameCircle.swift */,
				9E6EDA0625F0C10A00D5D74C /* FeedbackArea.swift */,
				9E85F3D425EFF516009D5DA8 /* MastermindApp.swift */,
				9E85F3E525EFF565009D5DA8 /* MastermindModel.swift */,
				9E6EDA0325F0C10A00D5D74C /* ContentView.swift */,
				9E85F3E825EFF579009D5DA8 /* ViewModel.swift */,
				9E85F3DD25EFF516009D5DA8 /* Info.plist */,
				9E85F3D825EFF516009D5DA8 /* Assets.xcassets */,
				9E85F3DA25EFF516009D5DA8 /* Preview Content */,
			);
			path = Mastermind;
			sourceTree = "<group>";
		};
		9E85F3DA25EFF516009D5DA8 /* Preview Content */ = {
			isa = PBXGroup;
			children = (
				9E85F3DB25EFF516009D5DA8 /* Preview Assets.xcassets */,
			);
			path = "Preview Content";
			sourceTree = "<group>";
		};
/* End PBXGroup section */

/* Begin PBXNativeTarget section */
		9E85F3D025EFF516009D5DA8 /* Mastermind */ = {
			isa = PBXNativeTarget;
			buildConfigurationList = 9E85F3E025EFF516009D5DA8 /* Build configuration list for PBXNativeTarget "Mastermind" */;
			buildPhases = (
				9E85F3CD25EFF516009D5DA8 /* Sources */,
				9E85F3CE25EFF516009D5DA8 /* Frameworks */,
				9E85F3CF25EFF516009D5DA8 /* Resources */,
			);
			buildRules = (
			);
			dependencies = (
			);
			name = Mastermind;
			productName = Mastermind;
			productReference = 9E85F3D125EFF516009D5DA8 /* Mastermind.app */;
			productType = "com.apple.product-type.application";
		};
/* End PBXNativeTarget section */

/* Begin PBXProject section */
		9E85F3C925EFF515009D5DA8 /* Project object */ = {
			isa = PBXProject;
			attributes = {
				LastSwiftUpdateCheck = 1240;
				LastUpgradeCheck = 1240;
				TargetAttributes = {
					9E85F3D025EFF516009D5DA8 = {
						CreatedOnToolsVersion = 12.4;
					};
				};
			};
			buildConfigurationList = 9E85F3CC25EFF515009D5DA8 /* Build configuration list for PBXProject "Mastermind" */;
			compatibilityVersion = "Xcode 9.3";
			developmentRegion = en;
			hasScannedForEncodings = 0;
			knownRegions = (
				en,
				Base,
			);
			mainGroup = 9E85F3C825EFF515009D5DA8;
			productRefGroup = 9E85F3D225EFF516009D5DA8 /* Products */;
			projectDirPath = "";
			projectRoot = "";
			targets = (
				9E85F3D025EFF516009D5DA8 /* Mastermind */,
			);
		};
/* End PBXProject section */

/* Begin PBXResourcesBuildPhase section */
		9E85F3CF25EFF516009D5DA8 /* Resources */ = {
			isa = PBXResourcesBuildPhase;
			buildActionMask = 2147483647;
			files = (
				9E85F3DC25EFF516009D5DA8 /* Preview Assets.xcassets in Resources */,
				9E85F3D925EFF516009D5DA8 /* Assets.xcassets in Resources */,
			);
			runOnlyForDeploymentPostprocessing = 0;
		};
/* End PBXResourcesBuildPhase section */

/* Begin PBXSourcesBuildPhase section */
		9E85F3CD25EFF516009D5DA8 /* Sources */ = {
			isa = PBXSourcesBuildPhase;
			buildActionMask = 2147483647;
			files = (
				9E6EDA1125F0C28700D5D74C /* GuessArea.swift in Sources */,
				9E85F3E625EFF565009D5DA8 /* MastermindModel.swift in Sources */,
				9E6EDA0F25F0C28500D5D74C /* GameCircle.swift in Sources */,
				9E6EDA0D25F0C28400D5D74C /* FeedbackArea.swift in Sources */,
				9E6EDA1325F0C28800D5D74C /* PaletteArea.swift in Sources */,
				9E85F3E925EFF579009D5DA8 /* ViewModel.swift in Sources */,
				9E6EDA0B25F0C27D00D5D74C /* ContentView.swift in Sources */,
				9E85F3D525EFF516009D5DA8 /* MastermindApp.swift in Sources */,
			);
			runOnlyForDeploymentPostprocessing = 0;
		};
/* End PBXSourcesBuildPhase section */

/* Begin XCBuildConfiguration section */
		9E85F3DE25EFF516009D5DA8 /* Debug */ = {
			isa = XCBuildConfiguration;
			buildSettings = {
				ALWAYS_SEARCH_USER_PATHS = NO;
				CLANG_ANALYZER_NONNULL = YES;
				CLANG_ANALYZER_NUMBER_OBJECT_CONVERSION = YES_AGGRESSIVE;
				CLANG_CXX_LANGUAGE_STANDARD = "gnu++14";
				CLANG_CXX_LIBRARY = "libc++";
				CLANG_ENABLE_MODULES = YES;
				CLANG_ENABLE_OBJC_ARC = YES;
				CLANG_ENABLE_OBJC_WEAK = YES;
				CLANG_WARN_BLOCK_CAPTURE_AUTORELEASING = YES;
				CLANG_WARN_BOOL_CONVERSION = YES;
				CLANG_WARN_COMMA = YES;
				CLANG_WARN_CONSTANT_CONVERSION = YES;
				CLANG_WARN_DEPRECATED_OBJC_IMPLEMENTATIONS = YES;
				CLANG_WARN_DIRECT_OBJC_ISA_USAGE = YES_ERROR;
				CLANG_WARN_DOCUMENTATION_COMMENTS = YES;
				CLANG_WARN_EMPTY_BODY = YES;
				CLANG_WARN_ENUM_CONVERSION = YES;
				CLANG_WARN_INFINITE_RECURSION = YES;
				CLANG_WARN_INT_CONVERSION = YES;
				CLANG_WARN_NON_LITERAL_NULL_CONVERSION = YES;
				CLANG_WARN_OBJC_IMPLICIT_RETAIN_SELF = YES;
				CLANG_WARN_OBJC_LITERAL_CONVERSION = YES;
				CLANG_WARN_OBJC_ROOT_CLASS = YES_ERROR;
				CLANG_WARN_QUOTED_INCLUDE_IN_FRAMEWORK_HEADER = YES;
				CLANG_WARN_RANGE_LOOP_ANALYSIS = YES;
				CLANG_WARN_STRICT_PROTOTYPES = YES;
				CLANG_WARN_SUSPICIOUS_MOVE = YES;
				CLANG_WARN_UNGUARDED_AVAILABILITY = YES_AGGRESSIVE;
				CLANG_WARN_UNREACHABLE_CODE = YES;
				CLANG_WARN__DUPLICATE_METHOD_MATCH = YES;
				COPY_PHASE_STRIP = NO;
				DEBUG_INFORMATION_FORMAT = dwarf;
				ENABLE_STRICT_OBJC_MSGSEND = YES;
				ENABLE_TESTABILITY = YES;
				GCC_C_LANGUAGE_STANDARD = gnu11;
				GCC_DYNAMIC_NO_PIC = NO;
				GCC_NO_COMMON_BLOCKS = YES;
				GCC_OPTIMIZATION_LEVEL = 0;
				GCC_PREPROCESSOR_DEFINITIONS = (
					"DEBUG=1",
					"$(inherited)",
				);
				GCC_WARN_64_TO_32_BIT_CONVERSION = YES;
				GCC_WARN_ABOUT_RETURN_TYPE = YES_ERROR;
				GCC_WARN_UNDECLARED_SELECTOR = YES;
				GCC_WARN_UNINITIALIZED_AUTOS = YES_AGGRESSIVE;
				GCC_WARN_UNUSED_FUNCTION = YES;
				GCC_WARN_UNUSED_VARIABLE = YES;
				IPHONEOS_DEPLOYMENT_TARGET = 14.4;
				MTL_ENABLE_DEBUG_INFO = INCLUDE_SOURCE;
				MTL_FAST_MATH = YES;
				ONLY_ACTIVE_ARCH = YES;
				SDKROOT = iphoneos;
				SWIFT_ACTIVE_COMPILATION_CONDITIONS = DEBUG;
				SWIFT_OPTIMIZATION_LEVEL = "-Onone";
			};
			name = Debug;
		};
		9E85F3DF25EFF516009D5DA8 /* Release */ = {
			isa = XCBuildConfiguration;
			buildSettings = {
				ALWAYS_SEARCH_USER_PATHS = NO;
				CLANG_ANALYZER_NONNULL = YES;
				CLANG_ANALYZER_NUMBER_OBJECT_CONVERSION = YES_AGGRESSIVE;
				CLANG_CXX_LANGUAGE_STANDARD = "gnu++14";
				CLANG_CXX_LIBRARY = "libc++";
				CLANG_ENABLE_MODULES = YES;
				CLANG_ENABLE_OBJC_ARC = YES;
				CLANG_ENABLE_OBJC_WEAK = YES;
				CLANG_WARN_BLOCK_CAPTURE_AUTORELEASING = YES;
				CLANG_WARN_BOOL_CONVERSION = YES;
				CLANG_WARN_COMMA = YES;
				CLANG_WARN_CONSTANT_CONVERSION = YES;
				CLANG_WARN_DEPRECATED_OBJC_IMPLEMENTATIONS = YES;
				CLANG_WARN_DIRECT_OBJC_ISA_USAGE = YES_ERROR;
				CLANG_WARN_DOCUMENTATION_COMMENTS = YES;
				CLANG_WARN_EMPTY_BODY = YES;
				CLANG_WARN_ENUM_CONVERSION = YES;
				CLANG_WARN_INFINITE_RECURSION = YES;
				CLANG_WARN_INT_CONVERSION = YES;
				CLANG_WARN_NON_LITERAL_NULL_CONVERSION = YES;
				CLANG_WARN_OBJC_IMPLICIT_RETAIN_SELF = YES;
				CLANG_WARN_OBJC_LITERAL_CONVERSION = YES;
				CLANG_WARN_OBJC_ROOT_CLASS = YES_ERROR;
				CLANG_WARN_QUOTED_INCLUDE_IN_FRAMEWORK_HEADER = YES;
				CLANG_WARN_RANGE_LOOP_ANALYSIS = YES;
				CLANG_WARN_STRICT_PROTOTYPES = YES;
				CLANG_WARN_SUSPICIOUS_MOVE = YES;
				CLANG_WARN_UNGUARDED_AVAILABILITY = YES_AGGRESSIVE;
				CLANG_WARN_UNREACHABLE_CODE = YES;
				CLANG_WARN__DUPLICATE_METHOD_MATCH = YES;
				COPY_PHASE_STRIP = NO;
				DEBUG_INFORMATION_FORMAT = "dwarf-with-dsym";
				ENABLE_NS_ASSERTIONS = NO;
				ENABLE_STRICT_OBJC_MSGSEND = YES;
				GCC_C_LANGUAGE_STANDARD = gnu11;
				GCC_NO_COMMON_BLOCKS = YES;
				GCC_WARN_64_TO_32_BIT_CONVERSION = YES;
				GCC_WARN_ABOUT_RETURN_TYPE = YES_ERROR;
				GCC_WARN_UNDECLARED_SELECTOR = YES;
				GCC_WARN_UNINITIALIZED_AUTOS = YES_AGGRESSIVE;
				GCC_WARN_UNUSED_FUNCTION = YES;
				GCC_WARN_UNUSED_VARIABLE = YES;
				IPHONEOS_DEPLOYMENT_TARGET = 14.4;
				MTL_ENABLE_DEBUG_INFO = NO;
				MTL_FAST_MATH = YES;
				SDKROOT = iphoneos;
				SWIFT_COMPILATION_MODE = wholemodule;
				SWIFT_OPTIMIZATION_LEVEL = "-O";
				VALIDATE_PRODUCT = YES;
			};
			name = Release;
		};
		9E85F3E125EFF516009D5DA8 /* Debug */ = {
			isa = XCBuildConfiguration;
			buildSettings = {
				ASSETCATALOG_COMPILER_APPICON_NAME = AppIcon;
				ASSETCATALOG_COMPILER_GLOBAL_ACCENT_COLOR_NAME = AccentColor;
				CODE_SIGN_STYLE = Automatic;
				DEVELOPMENT_ASSET_PATHS = "\"Mastermind/Preview Content\"";
				DEVELOPMENT_TEAM = 2VQ4V4SA47;
				ENABLE_PREVIEWS = YES;
				INFOPLIST_FILE = Mastermind/Info.plist;
				IPHONEOS_DEPLOYMENT_TARGET = 14.0;
				LD_RUNPATH_SEARCH_PATHS = (
					"$(inherited)",
					"@executable_path/Frameworks",
				);
				PRODUCT_BUNDLE_IDENTIFIER = guygreenleaf.Mastermind;
				PRODUCT_NAME = "$(TARGET_NAME)";
				SWIFT_VERSION = 5.0;
				TARGETED_DEVICE_FAMILY = "1,2";
			};
			name = Debug;
		};
		9E85F3E225EFF516009D5DA8 /* Release */ = {
			isa = XCBuildConfiguration;
			buildSettings = {
				ASSETCATALOG_COMPILER_APPICON_NAME = AppIcon;
				ASSETCATALOG_COMPILER_GLOBAL_ACCENT_COLOR_NAME = AccentColor;
				CODE_SIGN_STYLE = Automatic;
				DEVELOPMENT_ASSET_PATHS = "\"Mastermind/Preview Content\"";
				DEVELOPMENT_TEAM = 2VQ4V4SA47;
				ENABLE_PREVIEWS = YES;
				INFOPLIST_FILE = Mastermind/Info.plist;
				IPHONEOS_DEPLOYMENT_TARGET = 14.0;
				LD_RUNPATH_SEARCH_PATHS = (
					"$(inherited)",
					"@executable_path/Frameworks",
				);
				PRODUCT_BUNDLE_IDENTIFIER = guygreenleaf.Mastermind;
				PRODUCT_NAME = "$(TARGET_NAME)";
				SWIFT_VERSION = 5.0;
				TARGETED_DEVICE_FAMILY = "1,2";
			};
			name = Release;
		};
/* End XCBuildConfiguration section */

/* Begin XCConfigurationList section */
		9E85F3CC25EFF515009D5DA8 /* Build configuration list for PBXProject "Mastermind" */ = {
			isa = XCConfigurationList;
			buildConfigurations = (
				9E85F3DE25EFF516009D5DA8 /* Debug */,
				9E85F3DF25EFF516009D5DA8 /* Release */,
			);
			defaultConfigurationIsVisible = 0;
			defaultConfigurationName = Release;
		};
		9E85F3E025EFF516009D5DA8 /* Build configuration list for PBXNativeTarget "Mastermind" */ = {
			isa = XCConfigurationList;
			buildConfigurations = (
				9E85F3E125EFF516009D5DA8 /* Debug */,
				9E85F3E225EFF516009D5DA8 /* Release */,
			);
			defaultConfigurationIsVisible = 0;
			defaultConfigurationName = Release;
		};
/* End XCConfigurationList section */
	};
	rootObject = 9E85F3C925EFF515009D5DA8 /* Project object */;
}
